
Microsoft Visual Studio Solution File, Format Version 12.00
# Visual Studio 15
VisualStudioVersion = 15.0.28307.572
MinimumVisualStudioVersion = 10.0.40219.1
Project("{FAE04EC0-301F-11D3-BF4B-00C04F79EFBC}") = "Icarus", "Icarus\Icarus.csproj", "{7F8BC8B9-50B4-4D61-8227-625ED1479D0C}"
EndProject
Global
	GlobalSection(SolutionConfigurationPlatforms) = preSolution
		Debug|Any CPU = Debug|Any CPU
		Release|Any CPU = Release|Any CPU
	EndGlobalSection
	GlobalSection(ProjectConfigurationPlatforms) = postSolution
		{7F8BC8B9-50B4-4D61-8227-625ED1479D0C}.Debug|Any CPU.ActiveCfg = Debug|Any CPU
		{7F8BC8B9-50B4-4D61-8227-625ED1479D0C}.Debug|Any CPU.Build.0 = Debug|Any CPU
		{7F8BC8B9-50B4-4D61-8227-625ED1479D0C}.Release|Any CPU.ActiveCfg = Release|Any CPU
		{7F8BC8B9-50B4-4D61-8227-625ED1479D0C}.Release|Any CPU.Build.0 = Release|Any CPU
	EndGlobalSection
	GlobalSection(SolutionProperties) = preSolution
		HideSolutionNode = FALSE
	EndGlobalSection
	GlobalSection(ExtensibilityGlobals) = postSolution
		SolutionGuid = {169FC487-F5DA-45B5-BB43-C5874876344B}
	EndGlobalSection
EndGlobal
